// !$*UTF8*$!
{
	archiveVersion = 1;
	classes = {
	};
	objectVersion = 50;
	objects = {

/* Begin PBXBuildFile section */
		2C06EA592267ADFB00E1A7EF /* GoogleService-Info.plist in Resources */ = {isa = PBXBuildFile; fileRef = 2C06EA582267ADFA00E1A7EF /* GoogleService-Info.plist */; };
		2C6317B52260C52E0027E6FA /* AppDelegate.swift in Sources */ = {isa = PBXBuildFile; fileRef = 2C6317B42260C52E0027E6FA /* AppDelegate.swift */; };
		2C6317B72260C52E0027E6FA /* ViewController.swift in Sources */ = {isa = PBXBuildFile; fileRef = 2C6317B62260C52E0027E6FA /* ViewController.swift */; };
		2C6317BA2260C52E0027E6FA /* Main.storyboard in Resources */ = {isa = PBXBuildFile; fileRef = 2C6317B82260C52E0027E6FA /* Main.storyboard */; };
		2C6317BD2260C52E0027E6FA /* Programmation.xcdatamodeld in Sources */ = {isa = PBXBuildFile; fileRef = 2C6317BB2260C52E0027E6FA /* Programmation.xcdatamodeld */; };
		2C6317BF2260C52F0027E6FA /* Assets.xcassets in Resources */ = {isa = PBXBuildFile; fileRef = 2C6317BE2260C52F0027E6FA /* Assets.xcassets */; };
		2C6317C22260C52F0027E6FA /* LaunchScreen.storyboard in Resources */ = {isa = PBXBuildFile; fileRef = 2C6317C02260C52F0027E6FA /* LaunchScreen.storyboard */; };
		2CACF2D922638CE70067F092 /* DetailViewController.swift in Sources */ = {isa = PBXBuildFile; fileRef = 2CACF2D822638CE70067F092 /* DetailViewController.swift */; };
		594A1B7214134DFF1C8A300A /* Pods_Programmation.framework in Frameworks */ = {isa = PBXBuildFile; fileRef = 7D3ACA735FCECCD45AA5F1D4 /* Pods_Programmation.framework */; };
/* End PBXBuildFile section */

/* Begin PBXFileReference section */
		2C06EA582267ADFA00E1A7EF /* GoogleService-Info.plist */ = {isa = PBXFileReference; fileEncoding = 4; lastKnownFileType = text.plist.xml; path = "GoogleService-Info.plist"; sourceTree = "<group>"; };
		2C6317B12260C52E0027E6FA /* Programmation.app */ = {isa = PBXFileReference; explicitFileType = wrapper.application; includeInIndex = 0; path = Programmation.app; sourceTree = BUILT_PRODUCTS_DIR; };
		2C6317B42260C52E0027E6FA /* AppDelegate.swift */ = {isa = PBXFileReference; lastKnownFileType = sourcecode.swift; path = AppDelegate.swift; sourceTree = "<group>"; };
		2C6317B62260C52E0027E6FA /* ViewController.swift */ = {isa = PBXFileReference; lastKnownFileType = sourcecode.swift; path = ViewController.swift; sourceTree = "<group>"; };
		2C6317B92260C52E0027E6FA /* Base */ = {isa = PBXFileReference; lastKnownFileType = file.storyboard; name = Base; path = Base.lproj/Main.storyboard; sourceTree = "<group>"; };
		2C6317BC2260C52E0027E6FA /* Programmation.xcdatamodel */ = {isa = PBXFileReference; lastKnownFileType = wrapper.xcdatamodel; path = Programmation.xcdatamodel; sourceTree = "<group>"; };
		2C6317BE2260C52F0027E6FA /* Assets.xcassets */ = {isa = PBXFileReference; lastKnownFileType = folder.assetcatalog; path = Assets.xcassets; sourceTree = "<group>"; };
		2C6317C12260C52F0027E6FA /* Base */ = {isa = PBXFileReference; lastKnownFileType = file.storyboard; name = Base; path = Base.lproj/LaunchScreen.storyboard; sourceTree = "<group>"; };
		2C6317C32260C52F0027E6FA /* Info.plist */ = {isa = PBXFileReference; lastKnownFileType = text.plist.xml; path = Info.plist; sourceTree = "<group>"; };
		2CACF2D822638CE70067F092 /* DetailViewController.swift */ = {isa = PBXFileReference; lastKnownFileType = sourcecode.swift; path = DetailViewController.swift; sourceTree = "<group>"; };
		698DBAF41E7E95B2B43CD121 /* Pods-Programmation.debug.xcconfig */ = {isa = PBXFileReference; includeInIndex = 1; lastKnownFileType = text.xcconfig; name = "Pods-Programmation.debug.xcconfig"; path = "Pods/Target Support Files/Pods-Programmation/Pods-Programmation.debug.xcconfig"; sourceTree = "<group>"; };
		77C8E1A4E844F7123462E188 /* Pods-Programmation.release.xcconfig */ = {isa = PBXFileReference; includeInIndex = 1; lastKnownFileType = text.xcconfig; name = "Pods-Programmation.release.xcconfig"; path = "Pods/Target Support Files/Pods-Programmation/Pods-Programmation.release.xcconfig"; sourceTree = "<group>"; };
		7D3ACA735FCECCD45AA5F1D4 /* Pods_Programmation.framework */ = {isa = PBXFileReference; explicitFileType = wrapper.framework; includeInIndex = 0; path = Pods_Programmation.framework; sourceTree = BUILT_PRODUCTS_DIR; };
/* End PBXFileReference section */

/* Begin PBXFrameworksBuildPhase section */
		2C6317AE2260C52E0027E6FA /* Frameworks */ = {
			isa = PBXFrameworksBuildPhase;
			buildActionMask = 2147483647;
			files = (
				594A1B7214134DFF1C8A300A /* Pods_Programmation.framework in Frameworks */,
			);
			runOnlyForDeploymentPostprocessing = 0;
		};
/* End PBXFrameworksBuildPhase section */

/* Begin PBXGroup section */
		2C6317A82260C52E0027E6FA = {
			isa = PBXGroup;
			children = (
				2C06EA582267ADFA00E1A7EF /* GoogleService-Info.plist */,
				2C6317B32260C52E0027E6FA /* Programmation */,
				2C6317B22260C52E0027E6FA /* Products */,
				62296A177E18DA1CED2A0A48 /* Pods */,
				3DC7124E779371E0F1817767 /* Frameworks */,
			);
			sourceTree = "<group>";
		};
		2C6317B22260C52E0027E6FA /* Products */ = {
			isa = PBXGroup;
			children = (
				2C6317B12260C52E0027E6FA /* Programmation.app */,
			);
			name = Products;
			sourceTree = "<group>";
		};
		2C6317B32260C52E0027E6FA /* Programmation */ = {
			isa = PBXGroup;
			children = (
				2C6317B42260C52E0027E6FA /* AppDelegate.swift */,
				2C6317B62260C52E0027E6FA /* ViewController.swift */,
				2C6317B82260C52E0027E6FA /* Main.storyboard */,
				2C6317BE2260C52F0027E6FA /* Assets.xcassets */,
				2C6317C02260C52F0027E6FA /* LaunchScreen.storyboard */,
				2C6317C32260C52F0027E6FA /* Info.plist */,
				2C6317BB2260C52E0027E6FA /* Programmation.xcdatamodeld */,
				2CACF2D822638CE70067F092 /* DetailViewController.swift */,
			);
			path = Programmation;
			sourceTree = "<group>";
		};
		3DC7124E779371E0F1817767 /* Frameworks */ = {
			isa = PBXGroup;
			children = (
				7D3ACA735FCECCD45AA5F1D4 /* Pods_Programmation.framework */,
			);
			name = Frameworks;
			sourceTree = "<group>";
		};
		62296A177E18DA1CED2A0A48 /* Pods */ = {
			isa = PBXGroup;
			children = (
				698DBAF41E7E95B2B43CD121 /* Pods-Programmation.debug.xcconfig */,
				77C8E1A4E844F7123462E188 /* Pods-Programmation.release.xcconfig */,
			);
			name = Pods;
			sourceTree = "<group>";
		};
/* End PBXGroup section */

/* Begin PBXNativeTarget section */
		2C6317B02260C52E0027E6FA /* Programmation */ = {
			isa = PBXNativeTarget;
			buildConfigurationList = 2C6317C62260C52F0027E6FA /* Build configuration list for PBXNativeTarget "Programmation" */;
			buildPhases = (
				F4864D140CAA7D1FBDCCB6DB /* [CP] Check Pods Manifest.lock */,
				2C6317AD2260C52E0027E6FA /* Sources */,
				2C6317AE2260C52E0027E6FA /* Frameworks */,
				2C6317AF2260C52E0027E6FA /* Resources */,
				AA52C3E5E33B28D9ABB31ADF /* [CP] Embed Pods Frameworks */,
			);
			buildRules = (
			);
			dependencies = (
			);
			name = Programmation;
			productName = Programmation;
			productReference = 2C6317B12260C52E0027E6FA /* Programmation.app */;
			productType = "com.apple.product-type.application";
		};
/* End PBXNativeTarget section */

/* Begin PBXProject section */
		2C6317A92260C52E0027E6FA /* Project object */ = {
			isa = PBXProject;
			attributes = {
				LastSwiftUpdateCheck = 1010;
				LastUpgradeCheck = 1010;
				ORGANIZATIONNAME = Alexendre;
				TargetAttributes = {
					2C6317B02260C52E0027E6FA = {
						CreatedOnToolsVersion = 10.1;
					};
				};
			};
			buildConfigurationList = 2C6317AC2260C52E0027E6FA /* Build configuration list for PBXProject "Programmation" */;
			compatibilityVersion = "Xcode 9.3";
			developmentRegion = en;
			hasScannedForEncodings = 0;
			knownRegions = (
				en,
				Base,
			);
			mainGroup = 2C6317A82260C52E0027E6FA;
			productRefGroup = 2C6317B22260C52E0027E6FA /* Products */;
			projectDirPath = "";
			projectRoot = "";
			targets = (
				2C6317B02260C52E0027E6FA /* Programmation */,
			);
		};
/* End PBXProject section */

/* Begin PBXResourcesBuildPhase section */
		2C6317AF2260C52E0027E6FA /* Resources */ = {
			isa = PBXResourcesBuildPhase;
			buildActionMask = 2147483647;
			files = (
				2C6317C22260C52F0027E6FA /* LaunchScreen.storyboard in Resources */,
				2C06EA592267ADFB00E1A7EF /* GoogleService-Info.plist in Resources */,
				2C6317BF2260C52F0027E6FA /* Assets.xcassets in Resources */,
				2C6317BA2260C52E0027E6FA /* Main.storyboard in Resources */,
			);
			runOnlyForDeploymentPostprocessing = 0;
		};
/* End PBXResourcesBuildPhase section */

/* Begin PBXShellScriptBuildPhase section */
		AA52C3E5E33B28D9ABB31ADF /* [CP] Embed Pods Frameworks */ = {
			isa = PBXShellScriptBuildPhase;
			buildActionMask = 2147483647;
			files = (
			);
			inputPaths = (
				"${SRCROOT}/Pods/Target Support Files/Pods-Programmation/Pods-Programmation-frameworks.sh",
				"${BUILT_PRODUCTS_DIR}/Alamofire/Alamofire.framework",
				"${BUILT_PRODUCTS_DIR}/GoogleUtilities/GoogleUtilities.framework",
				"${BUILT_PRODUCTS_DIR}/Protobuf/Protobuf.framework",
				"${BUILT_PRODUCTS_DIR}/nanopb/nanopb.framework",
			);
			name = "[CP] Embed Pods Frameworks";
			outputPaths = (
				"${TARGET_BUILD_DIR}/${FRAMEWORKS_FOLDER_PATH}/Alamofire.framework",
				"${TARGET_BUILD_DIR}/${FRAMEWORKS_FOLDER_PATH}/GoogleUtilities.framework",
				"${TARGET_BUILD_DIR}/${FRAMEWORKS_FOLDER_PATH}/Protobuf.framework",
				"${TARGET_BUILD_DIR}/${FRAMEWORKS_FOLDER_PATH}/nanopb.framework",
			);
			runOnlyForDeploymentPostprocessing = 0;
			shellPath = /bin/sh;
			shellScript = "\"${SRCROOT}/Pods/Target Support Files/Pods-Programmation/Pods-Programmation-frameworks.sh\"\n";
			showEnvVarsInLog = 0;
		};
		F4864D140CAA7D1FBDCCB6DB /* [CP] Check Pods Manifest.lock */ = {
			isa = PBXShellScriptBuildPhase;
			buildActionMask = 2147483647;
			files = (
			);
			inputPaths = (
				"${PODS_PODFILE_DIR_PATH}/Podfile.lock",
				"${PODS_ROOT}/Manifest.lock",
			);
			name = "[CP] Check Pods Manifest.lock";
			outputPaths = (
				"$(DERIVED_FILE_DIR)/Pods-Programmation-checkManifestLockResult.txt",
			);
			runOnlyForDeploymentPostprocessing = 0;
			shellPath = /bin/sh;
			shellScript = "diff \"${PODS_PODFILE_DIR_PATH}/Podfile.lock\" \"${PODS_ROOT}/Manifest.lock\" > /dev/null\nif [ $? != 0 ] ; then\n    # print error to STDERR\n    echo \"error: The sandbox is not in sync with the Podfile.lock. Run 'pod install' or update your CocoaPods installation.\" >&2\n    exit 1\nfi\n# This output is used by Xcode 'outputs' to avoid re-running this script phase.\necho \"SUCCESS\" > \"${SCRIPT_OUTPUT_FILE_0}\"\n";
			showEnvVarsInLog = 0;
		};
/* End PBXShellScriptBuildPhase section */

/* Begin PBXSourcesBuildPhase section */
		2C6317AD2260C52E0027E6FA /* Sources */ = {
			isa = PBXSourcesBuildPhase;
			buildActionMask = 2147483647;
			files = (
				2C6317B72260C52E0027E6FA /* ViewController.swift in Sources */,
				2C6317B52260C52E0027E6FA /* AppDelegate.swift in Sources */,
				2C6317BD2260C52E0027E6FA /* Programmation.xcdatamodeld in Sources */,
				2CACF2D922638CE70067F092 /* DetailViewController.swift in Sources */,
			);
			runOnlyForDeploymentPostprocessing = 0;
		};
/* End PBXSourcesBuildPhase section */

/* Begin PBXVariantGroup section */
		2C6317B82260C52E0027E6FA /* Main.storyboard */ = {
			isa = PBXVariantGroup;
			children = (
				2C6317B92260C52E0027E6FA /* Base */,
			);
			name = Main.storyboard;
			sourceTree = "<group>";
		};
		2C6317C02260C52F0027E6FA /* LaunchScreen.storyboard */ = {
			isa = PBXVariantGroup;
			children = (
				2C6317C12260C52F0027E6FA /* Base */,
			);
			name = LaunchScreen.storyboard;
			sourceTree = "<group>";
		};
/* End PBXVariantGroup section */

/* Begin XCBuildConfiguration section */
		2C6317C42260C52F0027E6FA /* Debug */ = {
			isa = XCBuildConfiguration;
			buildSettings = {
				ALWAYS_SEARCH_USER_PATHS = NO;
				CLANG_ANALYZER_NONNULL = YES;
				CLANG_ANALYZER_NUMBER_OBJECT_CONVERSION = YES_AGGRESSIVE;
				CLANG_CXX_LANGUAGE_STANDARD = "gnu++14";
				CLANG_CXX_LIBRARY = "libc++";
				CLANG_ENABLE_MODULES = YES;
				CLANG_ENABLE_OBJC_ARC = YES;
				CLANG_ENABLE_OBJC_WEAK = YES;
				CLANG_WARN_BLOCK_CAPTURE_AUTORELEASING = YES;
				CLANG_WARN_BOOL_CONVERSION = YES;
				CLANG_WARN_COMMA = YES;
				CLANG_WARN_CONSTANT_CONVERSION = YES;
				CLANG_WARN_DEPRECATED_OBJC_IMPLEMENTATIONS = YES;
				CLANG_WARN_DIRECT_OBJC_ISA_USAGE = YES_ERROR;
				CLANG_WARN_DOCUMENTATION_COMMENTS = YES;
				CLANG_WARN_EMPTY_BODY = YES;
				CLANG_WARN_ENUM_CONVERSION = YES;
				CLANG_WARN_INFINITE_RECURSION = YES;
				CLANG_WARN_INT_CONVERSION = YES;
				CLANG_WARN_NON_LITERAL_NULL_CONVERSION = YES;
				CLANG_WARN_OBJC_IMPLICIT_RETAIN_SELF = YES;
				CLANG_WARN_OBJC_LITERAL_CONVERSION = YES;
				CLANG_WARN_OBJC_ROOT_CLASS = YES_ERROR;
				CLANG_WARN_RANGE_LOOP_ANALYSIS = YES;
				CLANG_WARN_STRICT_PROTOTYPES = YES;
				CLANG_WARN_SUSPICIOUS_MOVE = YES;
				CLANG_WARN_UNGUARDED_AVAILABILITY = YES_AGGRESSIVE;
				CLANG_WARN_UNREACHABLE_CODE = YES;
				CLANG_WARN__DUPLICATE_METHOD_MATCH = YES;
				CODE_SIGN_IDENTITY = "iPhone Developer";
				COPY_PHASE_STRIP = NO;
				DEBUG_INFORMATION_FORMAT = dwarf;
				ENABLE_STRICT_OBJC_MSGSEND = YES;
				ENABLE_TESTABILITY = YES;
				GCC_C_LANGUAGE_STANDARD = gnu11;
				GCC_DYNAMIC_NO_PIC = NO;
				GCC_NO_COMMON_BLOCKS = YES;
				GCC_OPTIMIZATION_LEVEL = 0;
				GCC_PREPROCESSOR_DEFINITIONS = (
					"DEBUG=1",
					"$(inherited)",
				);
				GCC_WARN_64_TO_32_BIT_CONVERSION = YES;
				GCC_WARN_ABOUT_RETURN_TYPE = YES_ERROR;
				GCC_WARN_UNDECLARED_SELECTOR = YES;
				GCC_WARN_UNINITIALIZED_AUTOS = YES_AGGRESSIVE;
				GCC_WARN_UNUSED_FUNCTION = YES;
				GCC_WARN_UNUSED_VARIABLE = YES;
				IPHONEOS_DEPLOYMENT_TARGET = 12.1;
				MTL_ENABLE_DEBUG_INFO = INCLUDE_SOURCE;
				MTL_FAST_MATH = YES;
				ONLY_ACTIVE_ARCH = YES;
				SDKROOT = iphoneos;
				SWIFT_ACTIVE_COMPILATION_CONDITIONS = DEBUG;
				SWIFT_OPTIMIZATION_LEVEL = "-Onone";
			};
			name = Debug;
		};
		2C6317C52260C52F0027E6FA /* Release */ = {
			isa = XCBuildConfiguration;
			buildSettings = {
				ALWAYS_SEARCH_USER_PATHS = NO;
				CLANG_ANALYZER_NONNULL = YES;
				CLANG_ANALYZER_NUMBER_OBJECT_CONVERSION = YES_AGGRESSIVE;
				CLANG_CXX_LANGUAGE_STANDARD = "gnu++14";
				CLANG_CXX_LIBRARY = "libc++";
				CLANG_ENABLE_MODULES = YES;
				CLANG_ENABLE_OBJC_ARC = YES;
				CLANG_ENABLE_OBJC_WEAK = YES;
				CLANG_WARN_BLOCK_CAPTURE_AUTORELEASING = YES;
				CLANG_WARN_BOOL_CONVERSION = YES;
				CLANG_WARN_COMMA = YES;
				CLANG_WARN_CONSTANT_CONVERSION = YES;
				CLANG_WARN_DEPRECATED_OBJC_IMPLEMENTATIONS = YES;
				CLANG_WARN_DIRECT_OBJC_ISA_USAGE = YES_ERROR;
				CLANG_WARN_DOCUMENTATION_COMMENTS = YES;
				CLANG_WARN_EMPTY_BODY = YES;
				CLANG_WARN_ENUM_CONVERSION = YES;
				CLANG_WARN_INFINITE_RECURSION = YES;
				CLANG_WARN_INT_CONVERSION = YES;
				CLANG_WARN_NON_LITERAL_NULL_CONVERSION = YES;
				CLANG_WARN_OBJC_IMPLICIT_RETAIN_SELF = YES;
				CLANG_WARN_OBJC_LITERAL_CONVERSION = YES;
				CLANG_WARN_OBJC_ROOT_CLASS = YES_ERROR;
				CLANG_WARN_RANGE_LOOP_ANALYSIS = YES;
				CLANG_WARN_STRICT_PROTOTYPES = YES;
				CLANG_WARN_SUSPICIOUS_MOVE = YES;
				CLANG_WARN_UNGUARDED_AVAILABILITY = YES_AGGRESSIVE;
				CLANG_WARN_UNREACHABLE_CODE = YES;
				CLANG_WARN__DUPLICATE_METHOD_MATCH = YES;
				CODE_SIGN_IDENTITY = "iPhone Developer";
				COPY_PHASE_STRIP = NO;
				DEBUG_INFORMATION_FORMAT = "dwarf-with-dsym";
				ENABLE_NS_ASSERTIONS = NO;
				ENABLE_STRICT_OBJC_MSGSEND = YES;
				GCC_C_LANGUAGE_STANDARD = gnu11;
				GCC_NO_COMMON_BLOCKS = YES;
				GCC_WARN_64_TO_32_BIT_CONVERSION = YES;
				GCC_WARN_ABOUT_RETURN_TYPE = YES_ERROR;
				GCC_WARN_UNDECLARED_SELECTOR = YES;
				GCC_WARN_UNINITIALIZED_AUTOS = YES_AGGRESSIVE;
				GCC_WARN_UNUSED_FUNCTION = YES;
				GCC_WARN_UNUSED_VARIABLE = YES;
				IPHONEOS_DEPLOYMENT_TARGET = 12.1;
				MTL_ENABLE_DEBUG_INFO = NO;
				MTL_FAST_MATH = YES;
				SDKROOT = iphoneos;
				SWIFT_COMPILATION_MODE = wholemodule;
				SWIFT_OPTIMIZATION_LEVEL = "-O";
				VALIDATE_PRODUCT = YES;
			};
			name = Release;
		};
		2C6317C72260C52F0027E6FA /* Debug */ = {
			isa = XCBuildConfiguration;
			baseConfigurationReference = 698DBAF41E7E95B2B43CD121 /* Pods-Programmation.debug.xcconfig */;
			buildSettings = {
				ASSETCATALOG_COMPILER_APPICON_NAME = AppIcon;
				CODE_SIGN_STYLE = Automatic;
				DEVELOPMENT_TEAM = KM3Z3AQZT8;
				INFOPLIST_FILE = Programmation/Info.plist;
				LD_RUNPATH_SEARCH_PATHS = "$(inherited) @executable_path/Frameworks";
				PRODUCT_BUNDLE_IDENTIFIER = Alexendre.Programmation;
				PRODUCT_NAME = "$(TARGET_NAME)";
				SWIFT_VERSION = 4.2;
				TARGETED_DEVICE_FAMILY = "1,2";
			};
			name = Debug;
		};
		2C6317C82260C52F0027E6FA /* Release */ = {
			isa = XCBuildConfiguration;
			baseConfigurationReference = 77C8E1A4E844F7123462E188 /* Pods-Programmation.release.xcconfig */;
			buildSettings = {
				ASSETCATALOG_COMPILER_APPICON_NAME = AppIcon;
				CODE_SIGN_STYLE = Automatic;
				DEVELOPMENT_TEAM = KM3Z3AQZT8;
				INFOPLIST_FILE = Programmation/Info.plist;
				LD_RUNPATH_SEARCH_PATHS = "$(inherited) @executable_path/Frameworks";
				PRODUCT_BUNDLE_IDENTIFIER = Alexendre.Programmation;
				PRODUCT_NAME = "$(TARGET_NAME)";
				SWIFT_VERSION = 4.2;
				TARGETED_DEVICE_FAMILY = "1,2";
			};
			name = Release;
		};
/* End XCBuildConfiguration section */

/* Begin XCConfigurationList section */
		2C6317AC2260C52E0027E6FA /* Build configuration list for PBXProject "Programmation" */ = {
			isa = XCConfigurationList;
			buildConfigurations = (
				2C6317C42260C52F0027E6FA /* Debug */,
				2C6317C52260C52F0027E6FA /* Release */,
			);
			defaultConfigurationIsVisible = 0;
			defaultConfigurationName = Release;
		};
		2C6317C62260C52F0027E6FA /* Build configuration list for PBXNativeTarget "Programmation" */ = {
			isa = XCConfigurationList;
			buildConfigurations = (
				2C6317C72260C52F0027E6FA /* Debug */,
				2C6317C82260C52F0027E6FA /* Release */,
			);
			defaultConfigurationIsVisible = 0;
			defaultConfigurationName = Release;
		};
/* End XCConfigurationList section */

/* Begin XCVersionGroup section */
		2C6317BB2260C52E0027E6FA /* Programmation.xcdatamodeld */ = {
			isa = XCVersionGroup;
			children = (
				2C6317BC2260C52E0027E6FA /* Programmation.xcdatamodel */,
			);
			currentVersion = 2C6317BC2260C52E0027E6FA /* Programmation.xcdatamodel */;
			path = Programmation.xcdatamodeld;
			sourceTree = "<group>";
			versionGroupType = wrapper.xcdatamodel;
		};
/* End XCVersionGroup section */
	};
	rootObject = 2C6317A92260C52E0027E6FA /* Project object */;
}
